
Microsoft Visual Studio Solution File, Format Version 12.00
# Visual Studio Version 17
VisualStudioVersion = 17.3.32922.545
MinimumVisualStudioVersion = 10.0.40219.1
Project("{FAE04EC0-301F-11D3-BF4B-00C04F79EFBC}") = "Lesson_13", "Lesson_13\Lesson_13.csproj", "{FDEC34AC-188C-4ACD-A5EE-C56FB652BC95}"
EndProject
Global
	GlobalSection(SolutionConfigurationPlatforms) = preSolution
		Debug|Any CPU = Debug|Any CPU
		Release|Any CPU = Release|Any CPU
	EndGlobalSection
	GlobalSection(ProjectConfigurationPlatforms) = postSolution
		{FDEC34AC-188C-4ACD-A5EE-C56FB652BC95}.Debug|Any CPU.ActiveCfg = Debug|Any CPU
		{FDEC34AC-188C-4ACD-A5EE-C56FB652BC95}.Debug|Any CPU.Build.0 = Debug|Any CPU
		{FDEC34AC-188C-4ACD-A5EE-C56FB652BC95}.Release|Any CPU.ActiveCfg = Release|Any CPU
		{FDEC34AC-188C-4ACD-A5EE-C56FB652BC95}.Release|Any CPU.Build.0 = Release|Any CPU
	EndGlobalSection
	GlobalSection(SolutionProperties) = preSolution
		HideSolutionNode = FALSE
	EndGlobalSection
	GlobalSection(ExtensibilityGlobals) = postSolution
		SolutionGuid = {803BFD64-6581-4583-9618-3B357F8D3FF3}
	EndGlobalSection
EndGlobal
